
Microsoft Visual Studio Solution File, Format Version 12.00
# Visual Studio 15
VisualStudioVersion = 15.0.26124.0
MinimumVisualStudioVersion = 15.0.26124.0
Project("{2150E333-8FDC-42A3-9474-1A3956D46DE8}") = "src", "src", "{C176659A-ED9D-45F2-B09F-6537855B45DD}"
EndProject
Project("{FAE04EC0-301F-11D3-BF4B-00C04F79EFBC}") = "PalTracker", "src\PalTracker\PalTracker.csproj", "{7C810611-2F76-412E-99D7-402E8CD93699}"
EndProject
Project("{2150E333-8FDC-42A3-9474-1A3956D46DE8}") = "test", "test", "{AADE7FFC-2C58-4FD5-B578-AEC46ED349E7}"
EndProject
Project("{FAE04EC0-301F-11D3-BF4B-00C04F79EFBC}") = "PalTrackerTests", "test\PalTrackerTests\PalTrackerTests.csproj", "{C892ABE8-135C-47C9-BE26-FF675C867EF7}"
EndProject
Global
	GlobalSection(SolutionConfigurationPlatforms) = preSolution
		Debug|Any CPU = Debug|Any CPU
		Debug|x64 = Debug|x64
		Debug|x86 = Debug|x86
		Release|Any CPU = Release|Any CPU
		Release|x64 = Release|x64
		Release|x86 = Release|x86
	EndGlobalSection
	GlobalSection(SolutionProperties) = preSolution
		HideSolutionNode = FALSE
	EndGlobalSection
	GlobalSection(ProjectConfigurationPlatforms) = postSolution
		{7C810611-2F76-412E-99D7-402E8CD93699}.Debug|Any CPU.ActiveCfg = Debug|Any CPU
		{7C810611-2F76-412E-99D7-402E8CD93699}.Debug|Any CPU.Build.0 = Debug|Any CPU
		{7C810611-2F76-412E-99D7-402E8CD93699}.Debug|x64.ActiveCfg = Debug|Any CPU
		{7C810611-2F76-412E-99D7-402E8CD93699}.Debug|x64.Build.0 = Debug|Any CPU
		{7C810611-2F76-412E-99D7-402E8CD93699}.Debug|x86.ActiveCfg = Debug|Any CPU
		{7C810611-2F76-412E-99D7-402E8CD93699}.Debug|x86.Build.0 = Debug|Any CPU
		{7C810611-2F76-412E-99D7-402E8CD93699}.Release|Any CPU.ActiveCfg = Release|Any CPU
		{7C810611-2F76-412E-99D7-402E8CD93699}.Release|Any CPU.Build.0 = Release|Any CPU
		{7C810611-2F76-412E-99D7-402E8CD93699}.Release|x64.ActiveCfg = Release|Any CPU
		{7C810611-2F76-412E-99D7-402E8CD93699}.Release|x64.Build.0 = Release|Any CPU
		{7C810611-2F76-412E-99D7-402E8CD93699}.Release|x86.ActiveCfg = Release|Any CPU
		{7C810611-2F76-412E-99D7-402E8CD93699}.Release|x86.Build.0 = Release|Any CPU
		{C892ABE8-135C-47C9-BE26-FF675C867EF7}.Debug|Any CPU.ActiveCfg = Debug|Any CPU
		{C892ABE8-135C-47C9-BE26-FF675C867EF7}.Debug|Any CPU.Build.0 = Debug|Any CPU
		{C892ABE8-135C-47C9-BE26-FF675C867EF7}.Debug|x64.ActiveCfg = Debug|Any CPU
		{C892ABE8-135C-47C9-BE26-FF675C867EF7}.Debug|x64.Build.0 = Debug|Any CPU
		{C892ABE8-135C-47C9-BE26-FF675C867EF7}.Debug|x86.ActiveCfg = Debug|Any CPU
		{C892ABE8-135C-47C9-BE26-FF675C867EF7}.Debug|x86.Build.0 = Debug|Any CPU
		{C892ABE8-135C-47C9-BE26-FF675C867EF7}.Release|Any CPU.ActiveCfg = Release|Any CPU
		{C892ABE8-135C-47C9-BE26-FF675C867EF7}.Release|Any CPU.Build.0 = Release|Any CPU
		{C892ABE8-135C-47C9-BE26-FF675C867EF7}.Release|x64.ActiveCfg = Release|Any CPU
		{C892ABE8-135C-47C9-BE26-FF675C867EF7}.Release|x64.Build.0 = Release|Any CPU
		{C892ABE8-135C-47C9-BE26-FF675C867EF7}.Release|x86.ActiveCfg = Release|Any CPU
		{C892ABE8-135C-47C9-BE26-FF675C867EF7}.Release|x86.Build.0 = Release|Any CPU
	EndGlobalSection
	GlobalSection(NestedProjects) = preSolution
		{7C810611-2F76-412E-99D7-402E8CD93699} = {C176659A-ED9D-45F2-B09F-6537855B45DD}
		{C892ABE8-135C-47C9-BE26-FF675C867EF7} = {AADE7FFC-2C58-4FD5-B578-AEC46ED349E7}
	EndGlobalSection
EndGlobal
